
Microsoft Visual Studio Solution File, Format Version 12.00
# Visual Studio 15
VisualStudioVersion = 15.0.27004.2005
MinimumVisualStudioVersion = 10.0.40219.1
Project("{FAE04EC0-301F-11D3-BF4B-00C04F79EFBC}") = "WebApplication1", "WebApplication1\WebApplication1.csproj", "{70C0AADD-DBFD-4D6A-8BCC-8C2B54A87C33}"
EndProject
Global
	GlobalSection(SolutionConfigurationPlatforms) = preSolution
		Debug|Any CPU = Debug|Any CPU
		Release|Any CPU = Release|Any CPU
	EndGlobalSection
	GlobalSection(ProjectConfigurationPlatforms) = postSolution
		{70C0AADD-DBFD-4D6A-8BCC-8C2B54A87C33}.Debug|Any CPU.ActiveCfg = Debug|Any CPU
		{70C0AADD-DBFD-4D6A-8BCC-8C2B54A87C33}.Debug|Any CPU.Build.0 = Debug|Any CPU
		{70C0AADD-DBFD-4D6A-8BCC-8C2B54A87C33}.Release|Any CPU.ActiveCfg = Release|Any CPU
		{70C0AADD-DBFD-4D6A-8BCC-8C2B54A87C33}.Release|Any CPU.Build.0 = Release|Any CPU
	EndGlobalSection
	GlobalSection(SolutionProperties) = preSolution
		HideSolutionNode = FALSE
	EndGlobalSection
	GlobalSection(ExtensibilityGlobals) = postSolution
		SolutionGuid = {FB170BD2-36CA-42AC-9BED-7E1421A250DC}
	EndGlobalSection
EndGlobal
